
Microsoft Visual Studio Solution File, Format Version 12.00
# Visual Studio Version 17
VisualStudioVersion = 17.5.33516.290
MinimumVisualStudioVersion = 10.0.40219.1
Project("{FAE04EC0-301F-11D3-BF4B-00C04F79EFBC}") = "ScreenSoundPt2", "ScreenSoundPt2\ScreenSoundPt2.csproj", "{8E551770-8B36-42E0-8C43-B5A363790F4A}"
EndProject
Global
	GlobalSection(SolutionConfigurationPlatforms) = preSolution
		Debug|Any CPU = Debug|Any CPU
		Release|Any CPU = Release|Any CPU
	EndGlobalSection
	GlobalSection(ProjectConfigurationPlatforms) = postSolution
		{8E551770-8B36-42E0-8C43-B5A363790F4A}.Debug|Any CPU.ActiveCfg = Debug|Any CPU
		{8E551770-8B36-42E0-8C43-B5A363790F4A}.Debug|Any CPU.Build.0 = Debug|Any CPU
		{8E551770-8B36-42E0-8C43-B5A363790F4A}.Release|Any CPU.ActiveCfg = Release|Any CPU
		{8E551770-8B36-42E0-8C43-B5A363790F4A}.Release|Any CPU.Build.0 = Release|Any CPU
	EndGlobalSection
	GlobalSection(SolutionProperties) = preSolution
		HideSolutionNode = FALSE
	EndGlobalSection
	GlobalSection(ExtensibilityGlobals) = postSolution
		SolutionGuid = {BA4B21D5-F33F-409E-B684-D2B1095FB515}
	EndGlobalSection
EndGlobal
